# This file is automatically @generated by Cargo.
# It is not intended for manual editing.
version = 3

[[package]]
name = "clawcrate-audit"
version = "0.1.0-alpha.0"
dependencies = [
 "clawcrate-types",
]

[[package]]
name = "clawcrate-capture"
version = "0.1.0-alpha.0"
dependencies = [
 "clawcrate-types",
]

[[package]]
name = "clawcrate-cli"
version = "0.1.0-alpha.0"
dependencies = [
 "clawcrate-audit",
 "clawcrate-capture",
 "clawcrate-profiles",
 "clawcrate-sandbox",
 "clawcrate-types",
]

[[package]]
name = "clawcrate-profiles"
version = "0.1.0-alpha.0"
dependencies = [
 "clawcrate-types",
]

[[package]]
name = "clawcrate-sandbox"
version = "0.1.0-alpha.0"
dependencies = [
 "clawcrate-profiles",
 "clawcrate-types",
]

[[package]]
name = "clawcrate-types"
version = "0.1.0-alpha.0"
